// !$*UTF8*$!
{
	archiveVersion = 1;
	classes = {
	};
	objectVersion = 46;
	objects = {

/* Begin PBXBuildFile section */
		6F0C062D1C58AB050032E658 /* SSVideoPlayContainer.m in Sources */ = {isa = PBXBuildFile; fileRef = 6F0C06251C58AB050032E658 /* SSVideoPlayContainer.m */; };
		6F0C062E1C58AB050032E658 /* SSVideoPlayController.m in Sources */ = {isa = PBXBuildFile; fileRef = 6F0C06271C58AB050032E658 /* SSVideoPlayController.m */; };
		6F0C062F1C58AB050032E658 /* SSVideoPlayer.bundle in Resources */ = {isa = PBXBuildFile; fileRef = 6F0C06281C58AB050032E658 /* SSVideoPlayer.bundle */; };
		6F0C06301C58AB050032E658 /* SSVideoPlayer.m in Sources */ = {isa = PBXBuildFile; fileRef = 6F0C062A1C58AB050032E658 /* SSVideoPlayer.m */; };
		6F0C06311C58AB050032E658 /* SSVideoPlaySlider.m in Sources */ = {isa = PBXBuildFile; fileRef = 6F0C062C1C58AB050032E658 /* SSVideoPlaySlider.m */; };
		6FA3CABB1C53338D00103058 /* test.mp4 in Resources */ = {isa = PBXBuildFile; fileRef = 6FA3CABA1C53338D00103058 /* test.mp4 */; };
		6FB29A931C52102C00B6BE06 /* main.m in Sources */ = {isa = PBXBuildFile; fileRef = 6FB29A921C52102C00B6BE06 /* main.m */; };
		6FB29A961C52102C00B6BE06 /* AppDelegate.m in Sources */ = {isa = PBXBuildFile; fileRef = 6FB29A951C52102C00B6BE06 /* AppDelegate.m */; };
		6FB29A991C52102C00B6BE06 /* ViewController.m in Sources */ = {isa = PBXBuildFile; fileRef = 6FB29A981C52102C00B6BE06 /* ViewController.m */; };
		6FB29A9C1C52102C00B6BE06 /* Main.storyboard in Resources */ = {isa = PBXBuildFile; fileRef = 6FB29A9A1C52102C00B6BE06 /* Main.storyboard */; };
		6FB29A9E1C52102C00B6BE06 /* Assets.xcassets in Resources */ = {isa = PBXBuildFile; fileRef = 6FB29A9D1C52102C00B6BE06 /* Assets.xcassets */; };
		6FB29AA11C52102C00B6BE06 /* LaunchScreen.storyboard in Resources */ = {isa = PBXBuildFile; fileRef = 6FB29A9F1C52102C00B6BE06 /* LaunchScreen.storyboard */; };
		6FB29AAC1C52102C00B6BE06 /* DemoTests.m in Sources */ = {isa = PBXBuildFile; fileRef = 6FB29AAB1C52102C00B6BE06 /* DemoTests.m */; };
		6FB29AB71C52102C00B6BE06 /* DemoUITests.m in Sources */ = {isa = PBXBuildFile; fileRef = 6FB29AB61C52102C00B6BE06 /* DemoUITests.m */; };
/* End PBXBuildFile section */

/* Begin PBXContainerItemProxy section */
		6FB29AA81C52102C00B6BE06 /* PBXContainerItemProxy */ = {
			isa = PBXContainerItemProxy;
			containerPortal = 6FB29A861C52102C00B6BE06 /* Project object */;
			proxyType = 1;
			remoteGlobalIDString = 6FB29A8D1C52102C00B6BE06;
			remoteInfo = Demo;
		};
		6FB29AB31C52102C00B6BE06 /* PBXContainerItemProxy */ = {
			isa = PBXContainerItemProxy;
			containerPortal = 6FB29A861C52102C00B6BE06 /* Project object */;
			proxyType = 1;
			remoteGlobalIDString = 6FB29A8D1C52102C00B6BE06;
			remoteInfo = Demo;
		};
/* End PBXContainerItemProxy section */

/* Begin PBXFileReference section */
		6F0C06241C58AB050032E658 /* SSVideoPlayContainer.h */ = {isa = PBXFileReference; fileEncoding = 4; lastKnownFileType = sourcecode.c.h; path = SSVideoPlayContainer.h; sourceTree = "<group>"; };
		6F0C06251C58AB050032E658 /* SSVideoPlayContainer.m */ = {isa = PBXFileReference; fileEncoding = 4; lastKnownFileType = sourcecode.c.objc; path = SSVideoPlayContainer.m; sourceTree = "<group>"; };
		6F0C06261C58AB050032E658 /* SSVideoPlayController.h */ = {isa = PBXFileReference; fileEncoding = 4; lastKnownFileType = sourcecode.c.h; path = SSVideoPlayController.h; sourceTree = "<group>"; };
		6F0C06271C58AB050032E658 /* SSVideoPlayController.m */ = {isa = PBXFileReference; fileEncoding = 4; lastKnownFileType = sourcecode.c.objc; path = SSVideoPlayController.m; sourceTree = "<group>"; };
		6F0C06281C58AB050032E658 /* SSVideoPlayer.bundle */ = {isa = PBXFileReference; lastKnownFileType = "wrapper.plug-in"; path = SSVideoPlayer.bundle; sourceTree = "<group>"; };
		6F0C06291C58AB050032E658 /* SSVideoPlayer.h */ = {isa = PBXFileReference; fileEncoding = 4; lastKnownFileType = sourcecode.c.h; path = SSVideoPlayer.h; sourceTree = "<group>"; };
		6F0C062A1C58AB050032E658 /* SSVideoPlayer.m */ = {isa = PBXFileReference; fileEncoding = 4; lastKnownFileType = sourcecode.c.objc; path = SSVideoPlayer.m; sourceTree = "<group>"; };
		6F0C062B1C58AB050032E658 /* SSVideoPlaySlider.h */ = {isa = PBXFileReference; fileEncoding = 4; lastKnownFileType = sourcecode.c.h; path = SSVideoPlaySlider.h; sourceTree = "<group>"; };
		6F0C062C1C58AB050032E658 /* SSVideoPlaySlider.m */ = {isa = PBXFileReference; fileEncoding = 4; lastKnownFileType = sourcecode.c.objc; path = SSVideoPlaySlider.m; sourceTree = "<group>"; };
		6FA3CABA1C53338D00103058 /* test.mp4 */ = {isa = PBXFileReference; lastKnownFileType = file; path = test.mp4; sourceTree = "<group>"; };
		6FB29A8E1C52102C00B6BE06 /* Demo.app */ = {isa = PBXFileReference; explicitFileType = wrapper.application; includeInIndex = 0; path = Demo.app; sourceTree = BUILT_PRODUCTS_DIR; };
		6FB29A921C52102C00B6BE06 /* main.m */ = {isa = PBXFileReference; lastKnownFileType = sourcecode.c.objc; path = main.m; sourceTree = "<group>"; };
		6FB29A941C52102C00B6BE06 /* AppDelegate.h */ = {isa = PBXFileReference; lastKnownFileType = sourcecode.c.h; path = AppDelegate.h; sourceTree = "<group>"; };
		6FB29A951C52102C00B6BE06 /* AppDelegate.m */ = {isa = PBXFileReference; lastKnownFileType = sourcecode.c.objc; path = AppDelegate.m; sourceTree = "<group>"; };
		6FB29A971C52102C00B6BE06 /* ViewController.h */ = {isa = PBXFileReference; lastKnownFileType = sourcecode.c.h; path = ViewController.h; sourceTree = "<group>"; };
		6FB29A981C52102C00B6BE06 /* ViewController.m */ = {isa = PBXFileReference; lastKnownFileType = sourcecode.c.objc; path = ViewController.m; sourceTree = "<group>"; };
		6FB29A9B1C52102C00B6BE06 /* Base */ = {isa = PBXFileReference; lastKnownFileType = file.storyboard; name = Base; path = Base.lproj/Main.storyboard; sourceTree = "<group>"; };
		6FB29A9D1C52102C00B6BE06 /* Assets.xcassets */ = {isa = PBXFileReference; lastKnownFileType = folder.assetcatalog; path = Assets.xcassets; sourceTree = "<group>"; };
		6FB29AA01C52102C00B6BE06 /* Base */ = {isa = PBXFileReference; lastKnownFileType = file.storyboard; name = Base; path = Base.lproj/LaunchScreen.storyboard; sourceTree = "<group>"; };
		6FB29AA21C52102C00B6BE06 /* Info.plist */ = {isa = PBXFileReference; lastKnownFileType = text.plist.xml; path = Info.plist; sourceTree = "<group>"; };
		6FB29AA71C52102C00B6BE06 /* DemoTests.xctest */ = {isa = PBXFileReference; explicitFileType = wrapper.cfbundle; includeInIndex = 0; path = DemoTests.xctest; sourceTree = BUILT_PRODUCTS_DIR; };
		6FB29AAB1C52102C00B6BE06 /* DemoTests.m */ = {isa = PBXFileReference; lastKnownFileType = sourcecode.c.objc; path = DemoTests.m; sourceTree = "<group>"; };
		6FB29AAD1C52102C00B6BE06 /* Info.plist */ = {isa = PBXFileReference; lastKnownFileType = text.plist.xml; path = Info.plist; sourceTree = "<group>"; };
		6FB29AB21C52102C00B6BE06 /* DemoUITests.xctest */ = {isa = PBXFileReference; explicitFileType = wrapper.cfbundle; includeInIndex = 0; path = DemoUITests.xctest; sourceTree = BUILT_PRODUCTS_DIR; };
		6FB29AB61C52102C00B6BE06 /* DemoUITests.m */ = {isa = PBXFileReference; lastKnownFileType = sourcecode.c.objc; path = DemoUITests.m; sourceTree = "<group>"; };
		6FB29AB81C52102C00B6BE06 /* Info.plist */ = {isa = PBXFileReference; lastKnownFileType = text.plist.xml; path = Info.plist; sourceTree = "<group>"; };
/* End PBXFileReference section */

/* Begin PBXFrameworksBuildPhase section */
		6FB29A8B1C52102C00B6BE06 /* Frameworks */ = {
			isa = PBXFrameworksBuildPhase;
			buildActionMask = 2147483647;
			files = (
			);
			runOnlyForDeploymentPostprocessing = 0;
		};
		6FB29AA41C52102C00B6BE06 /* Frameworks */ = {
			isa = PBXFrameworksBuildPhase;
			buildActionMask = 2147483647;
			files = (
			);
			runOnlyForDeploymentPostprocessing = 0;
		};
		6FB29AAF1C52102C00B6BE06 /* Frameworks */ = {
			isa = PBXFrameworksBuildPhase;
			buildActionMask = 2147483647;
			files = (
			);
			runOnlyForDeploymentPostprocessing = 0;
		};
/* End PBXFrameworksBuildPhase section */

/* Begin PBXGroup section */
		6F0C06231C58AB050032E658 /* SSVideoPlayer */ = {
			isa = PBXGroup;
			children = (
				6F0C06241C58AB050032E658 /* SSVideoPlayContainer.h */,
				6F0C06251C58AB050032E658 /* SSVideoPlayContainer.m */,
				6F0C06261C58AB050032E658 /* SSVideoPlayController.h */,
				6F0C06271C58AB050032E658 /* SSVideoPlayController.m */,
				6F0C06281C58AB050032E658 /* SSVideoPlayer.bundle */,
				6F0C06291C58AB050032E658 /* SSVideoPlayer.h */,
				6F0C062A1C58AB050032E658 /* SSVideoPlayer.m */,
				6F0C062B1C58AB050032E658 /* SSVideoPlaySlider.h */,
				6F0C062C1C58AB050032E658 /* SSVideoPlaySlider.m */,
			);
			name = SSVideoPlayer;
			path = ../../SSVideoPlayer;
			sourceTree = "<group>";
		};
		6FB29A851C52102C00B6BE06 = {
			isa = PBXGroup;
			children = (
				6FB29A901C52102C00B6BE06 /* Demo */,
				6FB29AAA1C52102C00B6BE06 /* DemoTests */,
				6FB29AB51C52102C00B6BE06 /* DemoUITests */,
				6FB29A8F1C52102C00B6BE06 /* Products */,
			);
			sourceTree = "<group>";
		};
		6FB29A8F1C52102C00B6BE06 /* Products */ = {
			isa = PBXGroup;
			children = (
				6FB29A8E1C52102C00B6BE06 /* Demo.app */,
				6FB29AA71C52102C00B6BE06 /* DemoTests.xctest */,
				6FB29AB21C52102C00B6BE06 /* DemoUITests.xctest */,
			);
			name = Products;
			sourceTree = "<group>";
		};
		6FB29A901C52102C00B6BE06 /* Demo */ = {
			isa = PBXGroup;
			children = (
				6F0C06231C58AB050032E658 /* SSVideoPlayer */,
				6FA3CABA1C53338D00103058 /* test.mp4 */,
				6FB29A941C52102C00B6BE06 /* AppDelegate.h */,
				6FB29A951C52102C00B6BE06 /* AppDelegate.m */,
				6FB29A971C52102C00B6BE06 /* ViewController.h */,
				6FB29A981C52102C00B6BE06 /* ViewController.m */,
				6FB29A9A1C52102C00B6BE06 /* Main.storyboard */,
				6FB29A9D1C52102C00B6BE06 /* Assets.xcassets */,
				6FB29A9F1C52102C00B6BE06 /* LaunchScreen.storyboard */,
				6FB29AA21C52102C00B6BE06 /* Info.plist */,
				6FB29A911C52102C00B6BE06 /* Supporting Files */,
			);
			path = Demo;
			sourceTree = "<group>";
		};
		6FB29A911C52102C00B6BE06 /* Supporting Files */ = {
			isa = PBXGroup;
			children = (
				6FB29A921C52102C00B6BE06 /* main.m */,
			);
			name = "Supporting Files";
			sourceTree = "<group>";
		};
		6FB29AAA1C52102C00B6BE06 /* DemoTests */ = {
			isa = PBXGroup;
			children = (
				6FB29AAB1C52102C00B6BE06 /* DemoTests.m */,
				6FB29AAD1C52102C00B6BE06 /* Info.plist */,
			);
			path = DemoTests;
			sourceTree = "<group>";
		};
		6FB29AB51C52102C00B6BE06 /* DemoUITests */ = {
			isa = PBXGroup;
			children = (
				6FB29AB61C52102C00B6BE06 /* DemoUITests.m */,
				6FB29AB81C52102C00B6BE06 /* Info.plist */,
			);
			path = DemoUITests;
			sourceTree = "<group>";
		};
/* End PBXGroup section */

/* Begin PBXNativeTarget section */
		6FB29A8D1C52102C00B6BE06 /* Demo */ = {
			isa = PBXNativeTarget;
			buildConfigurationList = 6FB29ABB1C52102C00B6BE06 /* Build configuration list for PBXNativeTarget "Demo" */;
			buildPhases = (
				6FB29A8A1C52102C00B6BE06 /* Sources */,
				6FB29A8B1C52102C00B6BE06 /* Frameworks */,
				6FB29A8C1C52102C00B6BE06 /* Resources */,
			);
			buildRules = (
			);
			dependencies = (
			);
			name = Demo;
			productName = Demo;
			productReference = 6FB29A8E1C52102C00B6BE06 /* Demo.app */;
			productType = "com.apple.product-type.application";
		};
		6FB29AA61C52102C00B6BE06 /* DemoTests */ = {
			isa = PBXNativeTarget;
			buildConfigurationList = 6FB29ABE1C52102C00B6BE06 /* Build configuration list for PBXNativeTarget "DemoTests" */;
			buildPhases = (
				6FB29AA31C52102C00B6BE06 /* Sources */,
				6FB29AA41C52102C00B6BE06 /* Frameworks */,
				6FB29AA51C52102C00B6BE06 /* Resources */,
			);
			buildRules = (
			);
			dependencies = (
				6FB29AA91C52102C00B6BE06 /* PBXTargetDependency */,
			);
			name = DemoTests;
			productName = DemoTests;
			productReference = 6FB29AA71C52102C00B6BE06 /* DemoTests.xctest */;
			productType = "com.apple.product-type.bundle.unit-test";
		};
		6FB29AB11C52102C00B6BE06 /* DemoUITests */ = {
			isa = PBXNativeTarget;
			buildConfigurationList = 6FB29AC11C52102C00B6BE06 /* Build configuration list for PBXNativeTarget "DemoUITests" */;
			buildPhases = (
				6FB29AAE1C52102C00B6BE06 /* Sources */,
				6FB29AAF1C52102C00B6BE06 /* Frameworks */,
				6FB29AB01C52102C00B6BE06 /* Resources */,
			);
			buildRules = (
			);
			dependencies = (
				6FB29AB41C52102C00B6BE06 /* PBXTargetDependency */,
			);
			name = DemoUITests;
			productName = DemoUITests;
			productReference = 6FB29AB21C52102C00B6BE06 /* DemoUITests.xctest */;
			productType = "com.apple.product-type.bundle.ui-testing";
		};
/* End PBXNativeTarget section */

/* Begin PBXProject section */
		6FB29A861C52102C00B6BE06 /* Project object */ = {
			isa = PBXProject;
			attributes = {
				LastUpgradeCheck = 0710;
				ORGANIZATIONNAME = expai;
				TargetAttributes = {
					6FB29A8D1C52102C00B6BE06 = {
						CreatedOnToolsVersion = 7.1;
					};
					6FB29AA61C52102C00B6BE06 = {
						CreatedOnToolsVersion = 7.1;
						TestTargetID = 6FB29A8D1C52102C00B6BE06;
					};
					6FB29AB11C52102C00B6BE06 = {
						CreatedOnToolsVersion = 7.1;
						TestTargetID = 6FB29A8D1C52102C00B6BE06;
					};
				};
			};
			buildConfigurationList = 6FB29A891C52102C00B6BE06 /* Build configuration list for PBXProject "Demo" */;
			compatibilityVersion = "Xcode 3.2";
			developmentRegion = English;
			hasScannedForEncodings = 0;
			knownRegions = (
				en,
				Base,
			);
			mainGroup = 6FB29A851C52102C00B6BE06;
			productRefGroup = 6FB29A8F1C52102C00B6BE06 /* Products */;
			projectDirPath = "";
			projectRoot = "";
			targets = (
				6FB29A8D1C52102C00B6BE06 /* Demo */,
				6FB29AA61C52102C00B6BE06 /* DemoTests */,
				6FB29AB11C52102C00B6BE06 /* DemoUITests */,
			);
		};
/* End PBXProject section */

/* Begin PBXResourcesBuildPhase section */
		6FB29A8C1C52102C00B6BE06 /* Resources */ = {
			isa = PBXResourcesBuildPhase;
			buildActionMask = 2147483647;
			files = (
				6F0C062F1C58AB050032E658 /* SSVideoPlayer.bundle in Resources */,
				6FB29AA11C52102C00B6BE06 /* LaunchScreen.storyboard in Resources */,
				6FB29A9E1C52102C00B6BE06 /* Assets.xcassets in Resources */,
				6FA3CABB1C53338D00103058 /* test.mp4 in Resources */,
				6FB29A9C1C52102C00B6BE06 /* Main.storyboard in Resources */,
			);
			runOnlyForDeploymentPostprocessing = 0;
		};
		6FB29AA51C52102C00B6BE06 /* Resources */ = {
			isa = PBXResourcesBuildPhase;
			buildActionMask = 2147483647;
			files = (
			);
			runOnlyForDeploymentPostprocessing = 0;
		};
		6FB29AB01C52102C00B6BE06 /* Resources */ = {
			isa = PBXResourcesBuildPhase;
			buildActionMask = 2147483647;
			files = (
			);
			runOnlyForDeploymentPostprocessing = 0;
		};
/* End PBXResourcesBuildPhase section */

/* Begin PBXSourcesBuildPhase section */
		6FB29A8A1C52102C00B6BE06 /* Sources */ = {
			isa = PBXSourcesBuildPhase;
			buildActionMask = 2147483647;
			files = (
				6FB29A991C52102C00B6BE06 /* ViewController.m in Sources */,
				6FB29A961C52102C00B6BE06 /* AppDelegate.m in Sources */,
				6F0C06301C58AB050032E658 /* SSVideoPlayer.m in Sources */,
				6F0C062E1C58AB050032E658 /* SSVideoPlayController.m in Sources */,
				6FB29A931C52102C00B6BE06 /* main.m in Sources */,
				6F0C062D1C58AB050032E658 /* SSVideoPlayContainer.m in Sources */,
				6F0C06311C58AB050032E658 /* SSVideoPlaySlider.m in Sources */,
			);
			runOnlyForDeploymentPostprocessing = 0;
		};
		6FB29AA31C52102C00B6BE06 /* Sources */ = {
			isa = PBXSourcesBuildPhase;
			buildActionMask = 2147483647;
			files = (
				6FB29AAC1C52102C00B6BE06 /* DemoTests.m in Sources */,
			);
			runOnlyForDeploymentPostprocessing = 0;
		};
		6FB29AAE1C52102C00B6BE06 /* Sources */ = {
			isa = PBXSourcesBuildPhase;
			buildActionMask = 2147483647;
			files = (
				6FB29AB71C52102C00B6BE06 /* DemoUITests.m in Sources */,
			);
			runOnlyForDeploymentPostprocessing = 0;
		};
/* End PBXSourcesBuildPhase section */

/* Begin PBXTargetDependency section */
		6FB29AA91C52102C00B6BE06 /* PBXTargetDependency */ = {
			isa = PBXTargetDependency;
			target = 6FB29A8D1C52102C00B6BE06 /* Demo */;
			targetProxy = 6FB29AA81C52102C00B6BE06 /* PBXContainerItemProxy */;
		};
		6FB29AB41C52102C00B6BE06 /* PBXTargetDependency */ = {
			isa = PBXTargetDependency;
			target = 6FB29A8D1C52102C00B6BE06 /* Demo */;
			targetProxy = 6FB29AB31C52102C00B6BE06 /* PBXContainerItemProxy */;
		};
/* End PBXTargetDependency section */

/* Begin PBXVariantGroup section */
		6FB29A9A1C52102C00B6BE06 /* Main.storyboard */ = {
			isa = PBXVariantGroup;
			children = (
				6FB29A9B1C52102C00B6BE06 /* Base */,
			);
			name = Main.storyboard;
			sourceTree = "<group>";
		};
		6FB29A9F1C52102C00B6BE06 /* LaunchScreen.storyboard */ = {
			isa = PBXVariantGroup;
			children = (
				6FB29AA01C52102C00B6BE06 /* Base */,
			);
			name = LaunchScreen.storyboard;
			sourceTree = "<group>";
		};
/* End PBXVariantGroup section */

/* Begin XCBuildConfiguration section */
		6FB29AB91C52102C00B6BE06 /* Debug */ = {
			isa = XCBuildConfiguration;
			buildSettings = {
				ALWAYS_SEARCH_USER_PATHS = NO;
				CLANG_CXX_LANGUAGE_STANDARD = "gnu++0x";
				CLANG_CXX_LIBRARY = "libc++";
				CLANG_ENABLE_MODULES = YES;
				CLANG_ENABLE_OBJC_ARC = YES;
				CLANG_WARN_BOOL_CONVERSION = YES;
				CLANG_WARN_CONSTANT_CONVERSION = YES;
				CLANG_WARN_DIRECT_OBJC_ISA_USAGE = YES_ERROR;
				CLANG_WARN_EMPTY_BODY = YES;
				CLANG_WARN_ENUM_CONVERSION = YES;
				CLANG_WARN_INT_CONVERSION = YES;
				CLANG_WARN_OBJC_ROOT_CLASS = YES_ERROR;
				CLANG_WARN_UNREACHABLE_CODE = YES;
				CLANG_WARN__DUPLICATE_METHOD_MATCH = YES;
				"CODE_SIGN_IDENTITY[sdk=iphoneos*]" = "iPhone Developer";
				COPY_PHASE_STRIP = NO;
				DEBUG_INFORMATION_FORMAT = dwarf;
				ENABLE_STRICT_OBJC_MSGSEND = YES;
				ENABLE_TESTABILITY = YES;
				GCC_C_LANGUAGE_STANDARD = gnu99;
				GCC_DYNAMIC_NO_PIC = NO;
				GCC_NO_COMMON_BLOCKS = YES;
				GCC_OPTIMIZATION_LEVEL = 0;
				GCC_PREPROCESSOR_DEFINITIONS = (
					"DEBUG=1",
					"$(inherited)",
				);
				GCC_WARN_64_TO_32_BIT_CONVERSION = YES;
				GCC_WARN_ABOUT_RETURN_TYPE = YES_ERROR;
				GCC_WARN_UNDECLARED_SELECTOR = YES;
				GCC_WARN_UNINITIALIZED_AUTOS = YES_AGGRESSIVE;
				GCC_WARN_UNUSED_FUNCTION = YES;
				GCC_WARN_UNUSED_VARIABLE = YES;
				IPHONEOS_DEPLOYMENT_TARGET = 9.1;
				MTL_ENABLE_DEBUG_INFO = YES;
				ONLY_ACTIVE_ARCH = YES;
				SDKROOT = iphoneos;
			};
			name = Debug;
		};
		6FB29ABA1C52102C00B6BE06 /* Release */ = {
			isa = XCBuildConfiguration;
			buildSettings = {
				ALWAYS_SEARCH_USER_PATHS = NO;
				CLANG_CXX_LANGUAGE_STANDARD = "gnu++0x";
				CLANG_CXX_LIBRARY = "libc++";
				CLANG_ENABLE_MODULES = YES;
				CLANG_ENABLE_OBJC_ARC = YES;
				CLANG_WARN_BOOL_CONVERSION = YES;
				CLANG_WARN_CONSTANT_CONVERSION = YES;
				CLANG_WARN_DIRECT_OBJC_ISA_USAGE = YES_ERROR;
				CLANG_WARN_EMPTY_BODY = YES;
				CLANG_WARN_ENUM_CONVERSION = YES;
				CLANG_WARN_INT_CONVERSION = YES;
				CLANG_WARN_OBJC_ROOT_CLASS = YES_ERROR;
				CLANG_WARN_UNREACHABLE_CODE = YES;
				CLANG_WARN__DUPLICATE_METHOD_MATCH = YES;
				"CODE_SIGN_IDENTITY[sdk=iphoneos*]" = "iPhone Developer";
				COPY_PHASE_STRIP = NO;
				DEBUG_INFORMATION_FORMAT = "dwarf-with-dsym";
				ENABLE_NS_ASSERTIONS = NO;
				ENABLE_STRICT_OBJC_MSGSEND = YES;
				GCC_C_LANGUAGE_STANDARD = gnu99;
				GCC_NO_COMMON_BLOCKS = YES;
				GCC_WARN_64_TO_32_BIT_CONVERSION = YES;
				GCC_WARN_ABOUT_RETURN_TYPE = YES_ERROR;
				GCC_WARN_UNDECLARED_SELECTOR = YES;
				GCC_WARN_UNINITIALIZED_AUTOS = YES_AGGRESSIVE;
				GCC_WARN_UNUSED_FUNCTION = YES;
				GCC_WARN_UNUSED_VARIABLE = YES;
				IPHONEOS_DEPLOYMENT_TARGET = 9.1;
				MTL_ENABLE_DEBUG_INFO = NO;
				SDKROOT = iphoneos;
				VALIDATE_PRODUCT = YES;
			};
			name = Release;
		};
		6FB29ABC1C52102C00B6BE06 /* Debug */ = {
			isa = XCBuildConfiguration;
			buildSettings = {
				ASSETCATALOG_COMPILER_APPICON_NAME = AppIcon;
				CODE_SIGN_IDENTITY = "iPhone Developer";
				INFOPLIST_FILE = Demo/Info.plist;
				IPHONEOS_DEPLOYMENT_TARGET = 6.0;
				LD_RUNPATH_SEARCH_PATHS = "$(inherited) @executable_path/Frameworks";
				PRODUCT_BUNDLE_IDENTIFIER = com.expai.Demo;
				PRODUCT_NAME = "$(TARGET_NAME)";
			};
			name = Debug;
		};
		6FB29ABD1C52102C00B6BE06 /* Release */ = {
			isa = XCBuildConfiguration;
			buildSettings = {
				ASSETCATALOG_COMPILER_APPICON_NAME = AppIcon;
				CODE_SIGN_IDENTITY = "iPhone Developer";
				INFOPLIST_FILE = Demo/Info.plist;
				IPHONEOS_DEPLOYMENT_TARGET = 6.0;
				LD_RUNPATH_SEARCH_PATHS = "$(inherited) @executable_path/Frameworks";
				PRODUCT_BUNDLE_IDENTIFIER = com.expai.Demo;
				PRODUCT_NAME = "$(TARGET_NAME)";
			};
			name = Release;
		};
		6FB29ABF1C52102C00B6BE06 /* Debug */ = {
			isa = XCBuildConfiguration;
			buildSettings = {
				BUNDLE_LOADER = "$(TEST_HOST)";
				INFOPLIST_FILE = DemoTests/Info.plist;
				LD_RUNPATH_SEARCH_PATHS = "$(inherited) @executable_path/Frameworks @loader_path/Frameworks";
				PRODUCT_BUNDLE_IDENTIFIER = com.expai.DemoTests;
				PRODUCT_NAME = "$(TARGET_NAME)";
				TEST_HOST = "$(BUILT_PRODUCTS_DIR)/Demo.app/Demo";
			};
			name = Debug;
		};
		6FB29AC01C52102C00B6BE06 /* Release */ = {
			isa = XCBuildConfiguration;
			buildSettings = {
				BUNDLE_LOADER = "$(TEST_HOST)";
				INFOPLIST_FILE = DemoTests/Info.plist;
				LD_RUNPATH_SEARCH_PATHS = "$(inherited) @executable_path/Frameworks @loader_path/Frameworks";
				PRODUCT_BUNDLE_IDENTIFIER = com.expai.DemoTests;
				PRODUCT_NAME = "$(TARGET_NAME)";
				TEST_HOST = "$(BUILT_PRODUCTS_DIR)/Demo.app/Demo";
			};
			name = Release;
		};
		6FB29AC21C52102C00B6BE06 /* Debug */ = {
			isa = XCBuildConfiguration;
			buildSettings = {
				INFOPLIST_FILE = DemoUITests/Info.plist;
				LD_RUNPATH_SEARCH_PATHS = "$(inherited) @executable_path/Frameworks @loader_path/Frameworks";
				PRODUCT_BUNDLE_IDENTIFIER = com.expai.DemoUITests;
				PRODUCT_NAME = "$(TARGET_NAME)";
				TEST_TARGET_NAME = Demo;
				USES_XCTRUNNER = YES;
			};
			name = Debug;
		};
		6FB29AC31C52102C00B6BE06 /* Release */ = {
			isa = XCBuildConfiguration;
			buildSettings = {
				INFOPLIST_FILE = DemoUITests/Info.plist;
				LD_RUNPATH_SEARCH_PATHS = "$(inherited) @executable_path/Frameworks @loader_path/Frameworks";
				PRODUCT_BUNDLE_IDENTIFIER = com.expai.DemoUITests;
				PRODUCT_NAME = "$(TARGET_NAME)";
				TEST_TARGET_NAME = Demo;
				USES_XCTRUNNER = YES;
			};
			name = Release;
		};
/* End XCBuildConfiguration section */

/* Begin XCConfigurationList section */
		6FB29A891C52102C00B6BE06 /* Build configuration list for PBXProject "Demo" */ = {
			isa = XCConfigurationList;
			buildConfigurations = (
				6FB29AB91C52102C00B6BE06 /* Debug */,
				6FB29ABA1C52102C00B6BE06 /* Release */,
			);
			defaultConfigurationIsVisible = 0;
			defaultConfigurationName = Release;
		};
		6FB29ABB1C52102C00B6BE06 /* Build configuration list for PBXNativeTarget "Demo" */ = {
			isa = XCConfigurationList;
			buildConfigurations = (
				6FB29ABC1C52102C00B6BE06 /* Debug */,
				6FB29ABD1C52102C00B6BE06 /* Release */,
			);
			defaultConfigurationIsVisible = 0;
			defaultConfigurationName = Release;
		};
		6FB29ABE1C52102C00B6BE06 /* Build configuration list for PBXNativeTarget "DemoTests" */ = {
			isa = XCConfigurationList;
			buildConfigurations = (
				6FB29ABF1C52102C00B6BE06 /* Debug */,
				6FB29AC01C52102C00B6BE06 /* Release */,
			);
			defaultConfigurationIsVisible = 0;
			defaultConfigurationName = Release;
		};
		6FB29AC11C52102C00B6BE06 /* Build configuration list for PBXNativeTarget "DemoUITests" */ = {
			isa = XCConfigurationList;
			buildConfigurations = (
				6FB29AC21C52102C00B6BE06 /* Debug */,
				6FB29AC31C52102C00B6BE06 /* Release */,
			);
			defaultConfigurationIsVisible = 0;
			defaultConfigurationName = Release;
		};
/* End XCConfigurationList section */
	};
	rootObject = 6FB29A861C52102C00B6BE06 /* Project object */;
}
